
Microsoft Visual Studio Solution File, Format Version 12.00
# Visual Studio Version 16
VisualStudioVersion = 16.0.31112.23
MinimumVisualStudioVersion = 10.0.40219.1
Project("{FAE04EC0-301F-11D3-BF4B-00C04F79EFBC}") = "ComboBox", "ComboBox\ComboBox.csproj", "{DA885A8B-C404-4FCE-B47C-8969B936216E}"
EndProject
Global
	GlobalSection(SolutionConfigurationPlatforms) = preSolution
		Debug|Any CPU = Debug|Any CPU
		Release|Any CPU = Release|Any CPU
	EndGlobalSection
	GlobalSection(ProjectConfigurationPlatforms) = postSolution
		{DA885A8B-C404-4FCE-B47C-8969B936216E}.Debug|Any CPU.ActiveCfg = Debug|Any CPU
		{DA885A8B-C404-4FCE-B47C-8969B936216E}.Debug|Any CPU.Build.0 = Debug|Any CPU
		{DA885A8B-C404-4FCE-B47C-8969B936216E}.Release|Any CPU.ActiveCfg = Release|Any CPU
		{DA885A8B-C404-4FCE-B47C-8969B936216E}.Release|Any CPU.Build.0 = Release|Any CPU
	EndGlobalSection
	GlobalSection(SolutionProperties) = preSolution
		HideSolutionNode = FALSE
	EndGlobalSection
	GlobalSection(ExtensibilityGlobals) = postSolution
		SolutionGuid = {ECA7BBA8-4CE3-4D0B-953B-C969B4DB5490}
	EndGlobalSection
EndGlobal
